
Microsoft Visual Studio Solution File, Format Version 12.00
# Visual Studio 15
VisualStudioVersion = 15.0.28307.421
MinimumVisualStudioVersion = 10.0.40219.1
Project("{9A19103F-16F7-4668-BE54-9A1E7A4F7556}") = "day2", "adventofcode_2019\day2.csproj", "{DEF38E66-4BB1-4AFA-8F1C-F285339F30FC}"
EndProject
Project("{9A19103F-16F7-4668-BE54-9A1E7A4F7556}") = "day3", "day3\day3.csproj", "{1515C5AC-2F66-471C-822D-711417398269}"
EndProject
Project("{9A19103F-16F7-4668-BE54-9A1E7A4F7556}") = "day4", "day4\day4.csproj", "{0CA89421-1112-440C-BA93-A413D0FA72D0}"
EndProject
Project("{9A19103F-16F7-4668-BE54-9A1E7A4F7556}") = "day5", "day5\day5.csproj", "{2DFDA1A2-5029-436C-9679-5DC3B1BD02AE}"
EndProject
Project("{9A19103F-16F7-4668-BE54-9A1E7A4F7556}") = "day6", "day6\day6.csproj", "{59743EFA-1CDC-4B97-803C-21D84AE5EE5A}"
EndProject
Project("{9A19103F-16F7-4668-BE54-9A1E7A4F7556}") = "Intcode_computer", "Intcode_computer\Intcode_computer.csproj", "{46F08B5D-0890-4245-837B-E917D28FE0FE}"
EndProject
Project("{FAE04EC0-301F-11D3-BF4B-00C04F79EFBC}") = "Intcode_computer test", "Intcode_computer test\Intcode_computer test.csproj", "{A90F616A-F170-4C75-BD15-072970C97840}"
EndProject
Global
	GlobalSection(SolutionConfigurationPlatforms) = preSolution
		Debug|Any CPU = Debug|Any CPU
		Release|Any CPU = Release|Any CPU
	EndGlobalSection
	GlobalSection(ProjectConfigurationPlatforms) = postSolution
		{DEF38E66-4BB1-4AFA-8F1C-F285339F30FC}.Debug|Any CPU.ActiveCfg = Debug|Any CPU
		{DEF38E66-4BB1-4AFA-8F1C-F285339F30FC}.Debug|Any CPU.Build.0 = Debug|Any CPU
		{DEF38E66-4BB1-4AFA-8F1C-F285339F30FC}.Release|Any CPU.ActiveCfg = Release|Any CPU
		{DEF38E66-4BB1-4AFA-8F1C-F285339F30FC}.Release|Any CPU.Build.0 = Release|Any CPU
		{1515C5AC-2F66-471C-822D-711417398269}.Debug|Any CPU.ActiveCfg = Debug|Any CPU
		{1515C5AC-2F66-471C-822D-711417398269}.Debug|Any CPU.Build.0 = Debug|Any CPU
		{1515C5AC-2F66-471C-822D-711417398269}.Release|Any CPU.ActiveCfg = Release|Any CPU
		{1515C5AC-2F66-471C-822D-711417398269}.Release|Any CPU.Build.0 = Release|Any CPU
		{0CA89421-1112-440C-BA93-A413D0FA72D0}.Debug|Any CPU.ActiveCfg = Debug|Any CPU
		{0CA89421-1112-440C-BA93-A413D0FA72D0}.Debug|Any CPU.Build.0 = Debug|Any CPU
		{0CA89421-1112-440C-BA93-A413D0FA72D0}.Release|Any CPU.ActiveCfg = Release|Any CPU
		{0CA89421-1112-440C-BA93-A413D0FA72D0}.Release|Any CPU.Build.0 = Release|Any CPU
		{2DFDA1A2-5029-436C-9679-5DC3B1BD02AE}.Debug|Any CPU.ActiveCfg = Debug|Any CPU
		{2DFDA1A2-5029-436C-9679-5DC3B1BD02AE}.Debug|Any CPU.Build.0 = Debug|Any CPU
		{2DFDA1A2-5029-436C-9679-5DC3B1BD02AE}.Release|Any CPU.ActiveCfg = Release|Any CPU
		{2DFDA1A2-5029-436C-9679-5DC3B1BD02AE}.Release|Any CPU.Build.0 = Release|Any CPU
		{59743EFA-1CDC-4B97-803C-21D84AE5EE5A}.Debug|Any CPU.ActiveCfg = Debug|Any CPU
		{59743EFA-1CDC-4B97-803C-21D84AE5EE5A}.Debug|Any CPU.Build.0 = Debug|Any CPU
		{59743EFA-1CDC-4B97-803C-21D84AE5EE5A}.Release|Any CPU.ActiveCfg = Release|Any CPU
		{59743EFA-1CDC-4B97-803C-21D84AE5EE5A}.Release|Any CPU.Build.0 = Release|Any CPU
		{46F08B5D-0890-4245-837B-E917D28FE0FE}.Debug|Any CPU.ActiveCfg = Debug|Any CPU
		{46F08B5D-0890-4245-837B-E917D28FE0FE}.Debug|Any CPU.Build.0 = Debug|Any CPU
		{46F08B5D-0890-4245-837B-E917D28FE0FE}.Release|Any CPU.ActiveCfg = Release|Any CPU
		{46F08B5D-0890-4245-837B-E917D28FE0FE}.Release|Any CPU.Build.0 = Release|Any CPU
		{A90F616A-F170-4C75-BD15-072970C97840}.Debug|Any CPU.ActiveCfg = Debug|Any CPU
		{A90F616A-F170-4C75-BD15-072970C97840}.Debug|Any CPU.Build.0 = Debug|Any CPU
		{A90F616A-F170-4C75-BD15-072970C97840}.Release|Any CPU.ActiveCfg = Release|Any CPU
		{A90F616A-F170-4C75-BD15-072970C97840}.Release|Any CPU.Build.0 = Release|Any CPU
	EndGlobalSection
	GlobalSection(SolutionProperties) = preSolution
		HideSolutionNode = FALSE
	EndGlobalSection
	GlobalSection(ExtensibilityGlobals) = postSolution
		SolutionGuid = {466FD7DF-9080-4672-A7C5-CD77C00E12E9}
	EndGlobalSection
EndGlobal
